
Microsoft Visual Studio Solution File, Format Version 12.00
# Visual Studio 15
VisualStudioVersion = 15.0.27703.2042
MinimumVisualStudioVersion = 10.0.40219.1
Project("{9A19103F-16F7-4668-BE54-9A1E7A4F7556}") = "Game", "game\Game.csproj", "{5AAD049F-72B8-4392-AAA1-1CBA2F9CEF07}"
EndProject
Project("{9A19103F-16F7-4668-BE54-9A1E7A4F7556}") = "Shared", "shared\Shared.csproj", "{B7D22D25-8A8F-4C81-B196-CD0DD65ADA9B}"
EndProject
Project("{9A19103F-16F7-4668-BE54-9A1E7A4F7556}") = "Utils", "utils\Utils.csproj", "{E8F324DB-408B-4376-A5F8-6C7B56E1601A}"
EndProject
Global
	GlobalSection(SolutionConfigurationPlatforms) = preSolution
		Debug|Any CPU = Debug|Any CPU
		Release|Any CPU = Release|Any CPU
	EndGlobalSection
	GlobalSection(ProjectConfigurationPlatforms) = postSolution
		{5AAD049F-72B8-4392-AAA1-1CBA2F9CEF07}.Debug|Any CPU.ActiveCfg = Debug|Any CPU
		{5AAD049F-72B8-4392-AAA1-1CBA2F9CEF07}.Debug|Any CPU.Build.0 = Debug|Any CPU
		{5AAD049F-72B8-4392-AAA1-1CBA2F9CEF07}.Release|Any CPU.ActiveCfg = Release|Any CPU
		{5AAD049F-72B8-4392-AAA1-1CBA2F9CEF07}.Release|Any CPU.Build.0 = Release|Any CPU
		{B7D22D25-8A8F-4C81-B196-CD0DD65ADA9B}.Debug|Any CPU.ActiveCfg = Debug|Any CPU
		{B7D22D25-8A8F-4C81-B196-CD0DD65ADA9B}.Debug|Any CPU.Build.0 = Debug|Any CPU
		{B7D22D25-8A8F-4C81-B196-CD0DD65ADA9B}.Release|Any CPU.ActiveCfg = Release|Any CPU
		{B7D22D25-8A8F-4C81-B196-CD0DD65ADA9B}.Release|Any CPU.Build.0 = Release|Any CPU
		{E8F324DB-408B-4376-A5F8-6C7B56E1601A}.Debug|Any CPU.ActiveCfg = Debug|Any CPU
		{E8F324DB-408B-4376-A5F8-6C7B56E1601A}.Debug|Any CPU.Build.0 = Debug|Any CPU
		{E8F324DB-408B-4376-A5F8-6C7B56E1601A}.Release|Any CPU.ActiveCfg = Release|Any CPU
		{E8F324DB-408B-4376-A5F8-6C7B56E1601A}.Release|Any CPU.Build.0 = Release|Any CPU
	EndGlobalSection
	GlobalSection(SolutionProperties) = preSolution
		HideSolutionNode = FALSE
	EndGlobalSection
	GlobalSection(ExtensibilityGlobals) = postSolution
		SolutionGuid = {1B57382E-1641-4B13-BD39-9E76970CC5B3}
	EndGlobalSection
EndGlobal
